github.com/jinzhu/inflection v1.0.0 h1:K317FqzuhWc8YvSVlFMCCUb36O/S9MCKRDI7QkRKD/E=
github.com/jinzhu/inflection v1.0.0/go.mod h1:h+uFLlag+Qp1Va5pdKtLDYj+kHp5pxUVkryuEj+Srlc=
github.com/jinzhu/now v1.1.5 h1:/o9tlHleP7gOFmsnYNz3RGnqzefHA47wQpKrrdTIwXQ=
github.com/jinzhu/now v1.1.5/go.mod h1:d3SSVoowX0Lcu0IBviAWJpolVfI5UJVZZ7cO71lE/z8=
github.com/manuelarte/pagorminator v0.0.0-20241112000751-11fca8bd8d58 h1:0yPDhABEtlJf3IRkz+qPLJoM2d44APOMGo3gbd/bOe8=
github.com/manuelarte/pagorminator v0.0.0-20241112000751-11fca8bd8d58/go.mod h1:e7ZYAl1XwI3uc0rOXmfF4FToPSS+C65DM4sPXwRNkKs=
github.com/manuelarte/pagorminator v0.0.0-20241112002222-7b6cda225c98 h1:2TbBVYWOrRrkZ9u1gqrTNojbvzQ9wgEG5hBJqzwDv/c=
github.com/manuelarte/pagorminator v0.0.0-20241112002222-7b6cda225c98/go.mod h1:e7ZYAl1XwI3uc0rOXmfF4FToPSS+C65DM4sPXwRNkKs=
github.com/manuelarte/pagorminator v0.0.0-20241112184441-94e89258c801 h1:C9Dm0kyXn4SmtUFredKb902rdSBWgW/J/Q8l6i/WtCM=
github.com/manuelarte/pagorminator v0.0.0-20241112184441-94e89258c801/go.mod h1:e7ZYAl1XwI3uc0rOXmfF4FToPSS+C65DM4sPXwRNkKs=
github.com/mattn/go-sqlite3 v1.14.24 h1:tpSp2G2KyMnnQu99ngJ47EIkWVmliIizyZBfPrBWDRM=
github.com/mattn/go-sqlite3 v1.14.24/go.mod h1:Uh1q+B4BYcTPb+yiD3kU8Ct7aC0hY9fxUwlHK0RXw+Y=
golang.org/x/text v0.20.0 h1:gK/Kv2otX8gz+wn7Rmb3vT96ZwuoxnQlY+HlJVj7Qug=
golang.org/x/text v0.20.0/go.mod h1:D4IsuqiFMhST5bX19pQ9ikHC2GsaKyk/oF+pn3ducp4=
gorm.io/driver/sqlite v1.5.6 h1:fO/X46qn5NUEEOZtnjJRWRzZMe8nqJiQ9E+0hi+hKQE=
gorm.io/driver/sqlite v1.5.6/go.mod h1:U+J8craQU6Fzkcvu8oLeAQmi50TkwPEhHDEjQZXDah4=
gorm.io/gorm v1.25.12 h1:I0u8i2hWQItBq1WfE0o2+WuL9+8L21K9e2HHSTE/0f8=
gorm.io/gorm v1.25.12/go.mod h1:xh7N7RHfYlNc5EmcI/El95gXusucDrQnHXe0+CgWcLQ=
